
Microsoft Visual Studio Solution File, Format Version 12.00
# Visual Studio Version 17
VisualStudioVersion = 17.4.33213.308
MinimumVisualStudioVersion = 10.0.40219.1
Project("{FAE04EC0-301F-11D3-BF4B-00C04F79EFBC}") = "BayMaxShop", "BayMaxShop\BayMaxShop.csproj", "{703A7F15-3F07-4087-95C6-69E419EB2DE4}"
EndProject
Global
	GlobalSection(SolutionConfigurationPlatforms) = preSolution
		Debug|Any CPU = Debug|Any CPU
		Release|Any CPU = Release|Any CPU
	EndGlobalSection
	GlobalSection(ProjectConfigurationPlatforms) = postSolution
		{703A7F15-3F07-4087-95C6-69E419EB2DE4}.Debug|Any CPU.ActiveCfg = Debug|Any CPU
		{703A7F15-3F07-4087-95C6-69E419EB2DE4}.Debug|Any CPU.Build.0 = Debug|Any CPU
		{703A7F15-3F07-4087-95C6-69E419EB2DE4}.Release|Any CPU.ActiveCfg = Release|Any CPU
		{703A7F15-3F07-4087-95C6-69E419EB2DE4}.Release|Any CPU.Build.0 = Release|Any CPU
	EndGlobalSection
	GlobalSection(SolutionProperties) = preSolution
		HideSolutionNode = FALSE
	EndGlobalSection
	GlobalSection(ExtensibilityGlobals) = postSolution
		SolutionGuid = {2842C542-7A1A-4608-9ABA-DF3D35015A49}
	EndGlobalSection
EndGlobal
